# @generated - this file is auto-generated by `mise lock` https://mise.jdx.dev/dev-tools/mise-lock.html

lockfile_version = 2

[[tools."aqua:astral-sh/uv"]]
version = "0.11.26"
backend = "aqua:astral-sh/uv"
specifiers = ["0.11.26"]

[tools."aqua:astral-sh/uv"."platforms.linux-x64"]
checksum = "sha256:6426a73c3837e6e2483ee344cbc00f36394d179afcba6183cb77437e67db4af0"
url = "https://github.com/astral-sh/uv/releases/download/0.11.26/uv-x86_64-unknown-linux-gnu.tar.gz"
url_api = "https://api.github.com/repos/astral-sh/uv/releases/assets/462248295"
provenance = "github-attestations"

[[tools."aqua:cocogitto/cocogitto"]]
version = "7.0.0"
backend = "aqua:cocogitto/cocogitto"
specifiers = ["7.0.0"]

[tools."aqua:cocogitto/cocogitto"."platforms.linux-x64"]
checksum = "sha256:e03938ff2c4c86d71c00c0f3284dbbe95c5ca76fe34a51f33e945c23010d59bb"
url = "https://github.com/cocogitto/cocogitto/releases/download/7.0.0/cocogitto-7.0.0-x86_64-unknown-linux-musl.tar.gz"
url_api = "https://api.github.com/repos/cocogitto/cocogitto/releases/assets/366659350"

[[tools."aqua:gohugoio/hugo/hugo-extended"]]
version = "0.165.0"
backend = "aqua:gohugoio/hugo/hugo-extended"
specifiers = ["0.165.0"]

[tools."aqua:gohugoio/hugo/hugo-extended"."platforms.linux-x64"]
checksum = "sha256:f43494894cdf4a8630a201d5c828051c77f523cc66bb3938b30806835470ac20"
url = "https://github.com/gohugoio/hugo/releases/download/v0.165.0/hugo_extended_0.165.0_linux-amd64.tar.gz"
url_api = "https://api.github.com/repos/gohugoio/hugo/releases/assets/511697439"

[[tools."aqua:rhysd/actionlint"]]
version = "1.7.7"
backend = "aqua:rhysd/actionlint"
specifiers = ["1.7.7"]

[tools."aqua:rhysd/actionlint"."platforms.linux-x64"]
checksum = "sha256:023070a287cd8cccd71515fedc843f1985bf96c436b7effaecce67290e7e0757"
url = "https://github.com/rhysd/actionlint/releases/download/v1.7.7/actionlint_1.7.7_linux_amd64.tar.gz"
url_api = "https://api.github.com/repos/rhysd/actionlint/releases/assets/221573254"

[[tools."aqua:typst/typst"]]
version = "0.15.1"
backend = "aqua:typst/typst"
specifiers = ["0.15.1"]

[tools."aqua:typst/typst"."platforms.linux-x64"]
checksum = "sha256:a6d077d0a95eed5a2eba715b2dae06be954f624ccbf85758a03f389ded33118c"
url = "https://github.com/typst/typst/releases/download/v0.15.1/typst-x86_64-unknown-linux-musl.tar.xz"
url_api = "https://api.github.com/repos/typst/typst/releases/assets/480300761"

[[tools."aqua:typstyle-rs/typstyle"]]
version = "0.15.1"
backend = "aqua:typstyle-rs/typstyle"
specifiers = ["0.15.1"]

[tools."aqua:typstyle-rs/typstyle"."platforms.linux-x64"]
checksum = "sha256:213c11bc2c64f7237c382b4bb1d06991530ed9d44d3a05204ca3c19615d55b99"
url = "https://github.com/typstyle-rs/typstyle/releases/download/v0.15.1/typstyle-x86_64-unknown-linux-gnu"
url_api = "https://api.github.com/repos/typstyle-rs/typstyle/releases/assets/498612914"

[[tools.python]]
version = "3.13.15"
backend = "core:python"
specifiers = ["3.13"]

[tools.python."platforms.linux-x64"]
checksum = "sha256:d0b640eed27fbdd6f5f2bd33444aee53df2c8863f8b2a96f4094717411e3de9c"
url = "https://github.com/astral-sh/python-build-standalone/releases/download/20260924/cpython-3.13.15+20260924-x86_64-unknown-linux-gnu-install_only_stripped.tar.gz"
provenance = "github-attestations"
