# @generated - this file is auto-generated by `mise lock` https://mise.jdx.dev/dev-tools/mise-lock.html

lockfile_version = 2

[[tools."aqua:astral-sh/uv"]]
version = "0.12.23"
backend = "aqua:astral-sh/uv"
specifiers = ["0.12.23"]

[tools."aqua:astral-sh/uv"."platforms.linux-x64"]
checksum = "sha256:9167d72b3319674b6303c4cbe071854bba13ebdf3d76b1a7cbdc175471fb66d6"
url = "https://github.com/astral-sh/uv/releases/download/0.12.23/uv-x86_64-unknown-linux-gnu.tar.gz"
url_api = "https://api.github.com/repos/astral-sh/uv/releases/assets/608232628"
provenance = "github-attestations"

[[tools."aqua:cocogitto/cocogitto"]]
version = "7.0.0"
backend = "aqua:cocogitto/cocogitto"
specifiers = ["7.0.0"]

[tools."aqua:cocogitto/cocogitto"."platforms.linux-x64"]
checksum = "sha256:e03938ff2c4c86d71c00c0f3284dbbe95c5ca76fe34a51f33e945c23010d59bb"
url = "https://github.com/cocogitto/cocogitto/releases/download/7.0.0/cocogitto-7.0.0-x86_64-unknown-linux-musl.tar.gz"
url_api = "https://api.github.com/repos/cocogitto/cocogitto/releases/assets/366659350"

[[tools."aqua:gohugoio/hugo/hugo-extended"]]
version = "0.167.0"
backend = "aqua:gohugoio/hugo/hugo-extended"
specifiers = ["0.167.0"]

[tools."aqua:gohugoio/hugo/hugo-extended"."platforms.linux-x64"]
checksum = "sha256:0163f5c3deddac1f494a1629ddc40c65d18de9d5794facd98f7f96ac2c7d8957"
url = "https://github.com/gohugoio/hugo/releases/download/v0.167.0/hugo_extended_0.167.0_linux-amd64.tar.gz"
url_api = "https://api.github.com/repos/gohugoio/hugo/releases/assets/595700466"

[[tools."aqua:rhysd/actionlint"]]
version = "1.7.12"
backend = "aqua:rhysd/actionlint"
specifiers = ["1.7.12"]

[tools."aqua:rhysd/actionlint"."platforms.linux-x64"]
checksum = "sha256:8aca8db96f1b94770f1b0d72b6dddcb1ebb8123cb3712530b08cc387b349a3d8"
url = "https://github.com/rhysd/actionlint/releases/download/v1.7.12/actionlint_1.7.12_linux_amd64.tar.gz"
url_api = "https://api.github.com/repos/rhysd/actionlint/releases/assets/384924896"
provenance = "github-attestations"

[[tools."aqua:typst/typst"]]
version = "0.15.1"
backend = "aqua:typst/typst"
specifiers = ["0.15.1"]

[tools."aqua:typst/typst"."platforms.linux-x64"]
checksum = "sha256:a6d077d0a95eed5a2eba715b2dae06be954f624ccbf85758a03f389ded33118c"
url = "https://github.com/typst/typst/releases/download/v0.15.1/typst-x86_64-unknown-linux-musl.tar.xz"
url_api = "https://api.github.com/repos/typst/typst/releases/assets/480300761"

[[tools."aqua:typstyle-rs/typstyle"]]
version = "0.15.1"
backend = "aqua:typstyle-rs/typstyle"
specifiers = ["0.15.1"]

[tools."aqua:typstyle-rs/typstyle"."platforms.linux-x64"]
checksum = "sha256:213c11bc2c64f7237c382b4bb1d06991530ed9d44d3a05204ca3c19615d55b99"
url = "https://github.com/typstyle-rs/typstyle/releases/download/v0.15.1/typstyle-x86_64-unknown-linux-gnu"
url_api = "https://api.github.com/repos/typstyle-rs/typstyle/releases/assets/498612914"

[[tools.python]]
version = "3.13.15"
backend = "core:python"
specifiers = [
    "3.13",
    "3.13.15",
]

[tools.python."platforms.linux-x64"]
checksum = "sha256:c552deaf9ed0e678dee4ccc760d6dcd7cab33f1bd43e8037123b4a4db8508e14"
url = "https://github.com/astral-sh/python-build-standalone/releases/download/20260929/cpython-3.13.15+20260929-x86_64-unknown-linux-gnu-install_only_stripped.tar.gz"
provenance = "github-attestations"
